// !$*UTF8*$!
{
	archiveVersion = 1;
	classes = {
	};
	objectVersion = 46;
	objects = {

/* Begin PBXBuildFile section */
		CDFEECC61FAAE13F0045CFFE /* AppDelegate.swift in Sources */ = {isa = PBXBuildFile; fileRef = CDFEECC51FAAE13F0045CFFE /* AppDelegate.swift */; };
		CDFEECC81FAAE13F0045CFFE /* ViewController.swift in Sources */ = {isa = PBXBuildFile; fileRef = CDFEECC71FAAE13F0045CFFE /* ViewController.swift */; };
		CDFEECCB1FAAE13F0045CFFE /* Main.storyboard in Resources */ = {isa = PBXBuildFile; fileRef = CDFEECC91FAAE13F0045CFFE /* Main.storyboard */; };
		CDFEECCD1FAAE13F0045CFFE /* Assets.xcassets in Resources */ = {isa = PBXBuildFile; fileRef = CDFEECCC1FAAE13F0045CFFE /* Assets.xcassets */; };
		CDFEECD01FAAE13F0045CFFE /* LaunchScreen.storyboard in Resources */ = {isa = PBXBuildFile; fileRef = CDFEECCE1FAAE13F0045CFFE /* LaunchScreen.storyboard */; };
		CDFEECDB1FAAE13F0045CFFE /* free3Tests.swift in Sources */ = {isa = PBXBuildFile; fileRef = CDFEECDA1FAAE13F0045CFFE /* free3Tests.swift */; };
		CDFEECE61FAAE13F0045CFFE /* free3UITests.swift in Sources */ = {isa = PBXBuildFile; fileRef = CDFEECE51FAAE13F0045CFFE /* free3UITests.swift */; };
/* End PBXBuildFile section */

/* Begin PBXContainerItemProxy section */
		CDFEECD71FAAE13F0045CFFE /* PBXContainerItemProxy */ = {
			isa = PBXContainerItemProxy;
			containerPortal = CDFEECBA1FAAE13F0045CFFE /* Project object */;
			proxyType = 1;
			remoteGlobalIDString = CDFEECC11FAAE13F0045CFFE;
			remoteInfo = free3;
		};
		CDFEECE21FAAE13F0045CFFE /* PBXContainerItemProxy */ = {
			isa = PBXContainerItemProxy;
			containerPortal = CDFEECBA1FAAE13F0045CFFE /* Project object */;
			proxyType = 1;
			remoteGlobalIDString = CDFEECC11FAAE13F0045CFFE;
			remoteInfo = free3;
		};
/* End PBXContainerItemProxy section */

/* Begin PBXFileReference section */
		CDFEECC21FAAE13F0045CFFE /* free3.app */ = {isa = PBXFileReference; explicitFileType = wrapper.application; includeInIndex = 0; path = free3.app; sourceTree = BUILT_PRODUCTS_DIR; };
		CDFEECC51FAAE13F0045CFFE /* AppDelegate.swift */ = {isa = PBXFileReference; lastKnownFileType = sourcecode.swift; path = AppDelegate.swift; sourceTree = "<group>"; };
		CDFEECC71FAAE13F0045CFFE /* ViewController.swift */ = {isa = PBXFileReference; lastKnownFileType = sourcecode.swift; path = ViewController.swift; sourceTree = "<group>"; };
		CDFEECCA1FAAE13F0045CFFE /* Base */ = {isa = PBXFileReference; lastKnownFileType = file.storyboard; name = Base; path = Base.lproj/Main.storyboard; sourceTree = "<group>"; };
		CDFEECCC1FAAE13F0045CFFE /* Assets.xcassets */ = {isa = PBXFileReference; lastKnownFileType = folder.assetcatalog; path = Assets.xcassets; sourceTree = "<group>"; };
		CDFEECCF1FAAE13F0045CFFE /* Base */ = {isa = PBXFileReference; lastKnownFileType = file.storyboard; name = Base; path = Base.lproj/LaunchScreen.storyboard; sourceTree = "<group>"; };
		CDFEECD11FAAE13F0045CFFE /* Info.plist */ = {isa = PBXFileReference; lastKnownFileType = text.plist.xml; path = Info.plist; sourceTree = "<group>"; };
		CDFEECD61FAAE13F0045CFFE /* free3Tests.xctest */ = {isa = PBXFileReference; explicitFileType = wrapper.cfbundle; includeInIndex = 0; path = free3Tests.xctest; sourceTree = BUILT_PRODUCTS_DIR; };
		CDFEECDA1FAAE13F0045CFFE /* free3Tests.swift */ = {isa = PBXFileReference; lastKnownFileType = sourcecode.swift; path = free3Tests.swift; sourceTree = "<group>"; };
		CDFEECDC1FAAE13F0045CFFE /* Info.plist */ = {isa = PBXFileReference; lastKnownFileType = text.plist.xml; path = Info.plist; sourceTree = "<group>"; };
		CDFEECE11FAAE13F0045CFFE /* free3UITests.xctest */ = {isa = PBXFileReference; explicitFileType = wrapper.cfbundle; includeInIndex = 0; path = free3UITests.xctest; sourceTree = BUILT_PRODUCTS_DIR; };
		CDFEECE51FAAE13F0045CFFE /* free3UITests.swift */ = {isa = PBXFileReference; lastKnownFileType = sourcecode.swift; path = free3UITests.swift; sourceTree = "<group>"; };
		CDFEECE71FAAE13F0045CFFE /* Info.plist */ = {isa = PBXFileReference; lastKnownFileType = text.plist.xml; path = Info.plist; sourceTree = "<group>"; };
/* End PBXFileReference section */

/* Begin PBXFrameworksBuildPhase section */
		CDFEECBF1FAAE13F0045CFFE /* Frameworks */ = {
			isa = PBXFrameworksBuildPhase;
			buildActionMask = 2147483647;
			files = (
			);
			runOnlyForDeploymentPostprocessing = 0;
		};
		CDFEECD31FAAE13F0045CFFE /* Frameworks */ = {
			isa = PBXFrameworksBuildPhase;
			buildActionMask = 2147483647;
			files = (
			);
			runOnlyForDeploymentPostprocessing = 0;
		};
		CDFEECDE1FAAE13F0045CFFE /* Frameworks */ = {
			isa = PBXFrameworksBuildPhase;
			buildActionMask = 2147483647;
			files = (
			);
			runOnlyForDeploymentPostprocessing = 0;
		};
/* End PBXFrameworksBuildPhase section */

/* Begin PBXGroup section */
		CDFEECB91FAAE13F0045CFFE = {
			isa = PBXGroup;
			children = (
				CDFEECC41FAAE13F0045CFFE /* free3 */,
				CDFEECD91FAAE13F0045CFFE /* free3Tests */,
				CDFEECE41FAAE13F0045CFFE /* free3UITests */,
				CDFEECC31FAAE13F0045CFFE /* Products */,
			);
			sourceTree = "<group>";
		};
		CDFEECC31FAAE13F0045CFFE /* Products */ = {
			isa = PBXGroup;
			children = (
				CDFEECC21FAAE13F0045CFFE /* free3.app */,
				CDFEECD61FAAE13F0045CFFE /* free3Tests.xctest */,
				CDFEECE11FAAE13F0045CFFE /* free3UITests.xctest */,
			);
			name = Products;
			sourceTree = "<group>";
		};
		CDFEECC41FAAE13F0045CFFE /* free3 */ = {
			isa = PBXGroup;
			children = (
				CDFEECC51FAAE13F0045CFFE /* AppDelegate.swift */,
				CDFEECC71FAAE13F0045CFFE /* ViewController.swift */,
				CDFEECC91FAAE13F0045CFFE /* Main.storyboard */,
				CDFEECCC1FAAE13F0045CFFE /* Assets.xcassets */,
				CDFEECCE1FAAE13F0045CFFE /* LaunchScreen.storyboard */,
				CDFEECD11FAAE13F0045CFFE /* Info.plist */,
			);
			path = free3;
			sourceTree = "<group>";
		};
		CDFEECD91FAAE13F0045CFFE /* free3Tests */ = {
			isa = PBXGroup;
			children = (
				CDFEECDA1FAAE13F0045CFFE /* free3Tests.swift */,
				CDFEECDC1FAAE13F0045CFFE /* Info.plist */,
			);
			path = free3Tests;
			sourceTree = "<group>";
		};
		CDFEECE41FAAE13F0045CFFE /* free3UITests */ = {
			isa = PBXGroup;
			children = (
				CDFEECE51FAAE13F0045CFFE /* free3UITests.swift */,
				CDFEECE71FAAE13F0045CFFE /* Info.plist */,
			);
			path = free3UITests;
			sourceTree = "<group>";
		};
/* End PBXGroup section */

/* Begin PBXNativeTarget section */
		CDFEECC11FAAE13F0045CFFE /* free3 */ = {
			isa = PBXNativeTarget;
			buildConfigurationList = CDFEECEA1FAAE13F0045CFFE /* Build configuration list for PBXNativeTarget "free3" */;
			buildPhases = (
				CDFEECBE1FAAE13F0045CFFE /* Sources */,
				CDFEECBF1FAAE13F0045CFFE /* Frameworks */,
				CDFEECC01FAAE13F0045CFFE /* Resources */,
			);
			buildRules = (
			);
			dependencies = (
			);
			name = free3;
			productName = free3;
			productReference = CDFEECC21FAAE13F0045CFFE /* free3.app */;
			productType = "com.apple.product-type.application";
		};
		CDFEECD51FAAE13F0045CFFE /* free3Tests */ = {
			isa = PBXNativeTarget;
			buildConfigurationList = CDFEECED1FAAE13F0045CFFE /* Build configuration list for PBXNativeTarget "free3Tests" */;
			buildPhases = (
				CDFEECD21FAAE13F0045CFFE /* Sources */,
				CDFEECD31FAAE13F0045CFFE /* Frameworks */,
				CDFEECD41FAAE13F0045CFFE /* Resources */,
			);
			buildRules = (
			);
			dependencies = (
				CDFEECD81FAAE13F0045CFFE /* PBXTargetDependency */,
			);
			name = free3Tests;
			productName = free3Tests;
			productReference = CDFEECD61FAAE13F0045CFFE /* free3Tests.xctest */;
			productType = "com.apple.product-type.bundle.unit-test";
		};
		CDFEECE01FAAE13F0045CFFE /* free3UITests */ = {
			isa = PBXNativeTarget;
			buildConfigurationList = CDFEECF01FAAE13F0045CFFE /* Build configuration list for PBXNativeTarget "free3UITests" */;
			buildPhases = (
				CDFEECDD1FAAE13F0045CFFE /* Sources */,
				CDFEECDE1FAAE13F0045CFFE /* Frameworks */,
				CDFEECDF1FAAE13F0045CFFE /* Resources */,
			);
			buildRules = (
			);
			dependencies = (
				CDFEECE31FAAE13F0045CFFE /* PBXTargetDependency */,
			);
			name = free3UITests;
			productName = free3UITests;
			productReference = CDFEECE11FAAE13F0045CFFE /* free3UITests.xctest */;
			productType = "com.apple.product-type.bundle.ui-testing";
		};
/* End PBXNativeTarget section */

/* Begin PBXProject section */
		CDFEECBA1FAAE13F0045CFFE /* Project object */ = {
			isa = PBXProject;
			attributes = {
				LastSwiftUpdateCheck = 0830;
				LastUpgradeCheck = 0830;
				ORGANIZATIONNAME = D7703_21;
				TargetAttributes = {
					CDFEECC11FAAE13F0045CFFE = {
						CreatedOnToolsVersion = 8.3.3;
						ProvisioningStyle = Automatic;
					};
					CDFEECD51FAAE13F0045CFFE = {
						CreatedOnToolsVersion = 8.3.3;
						ProvisioningStyle = Automatic;
						TestTargetID = CDFEECC11FAAE13F0045CFFE;
					};
					CDFEECE01FAAE13F0045CFFE = {
						CreatedOnToolsVersion = 8.3.3;
						ProvisioningStyle = Automatic;
						TestTargetID = CDFEECC11FAAE13F0045CFFE;
					};
				};
			};
			buildConfigurationList = CDFEECBD1FAAE13F0045CFFE /* Build configuration list for PBXProject "free3" */;
			compatibilityVersion = "Xcode 3.2";
			developmentRegion = English;
			hasScannedForEncodings = 0;
			knownRegions = (
				en,
				Base,
			);
			mainGroup = CDFEECB91FAAE13F0045CFFE;
			productRefGroup = CDFEECC31FAAE13F0045CFFE /* Products */;
			projectDirPath = "";
			projectRoot = "";
			targets = (
				CDFEECC11FAAE13F0045CFFE /* free3 */,
				CDFEECD51FAAE13F0045CFFE /* free3Tests */,
				CDFEECE01FAAE13F0045CFFE /* free3UITests */,
			);
		};
/* End PBXProject section */

/* Begin PBXResourcesBuildPhase section */
		CDFEECC01FAAE13F0045CFFE /* Resources */ = {
			isa = PBXResourcesBuildPhase;
			buildActionMask = 2147483647;
			files = (
				CDFEECD01FAAE13F0045CFFE /* LaunchScreen.storyboard in Resources */,
				CDFEECCD1FAAE13F0045CFFE /* Assets.xcassets in Resources */,
				CDFEECCB1FAAE13F0045CFFE /* Main.storyboard in Resources */,
			);
			runOnlyForDeploymentPostprocessing = 0;
		};
		CDFEECD41FAAE13F0045CFFE /* Resources */ = {
			isa = PBXResourcesBuildPhase;
			buildActionMask = 2147483647;
			files = (
			);
			runOnlyForDeploymentPostprocessing = 0;
		};
		CDFEECDF1FAAE13F0045CFFE /* Resources */ = {
			isa = PBXResourcesBuildPhase;
			buildActionMask = 2147483647;
			files = (
			);
			runOnlyForDeploymentPostprocessing = 0;
		};
/* End PBXResourcesBuildPhase section */

/* Begin PBXSourcesBuildPhase section */
		CDFEECBE1FAAE13F0045CFFE /* Sources */ = {
			isa = PBXSourcesBuildPhase;
			buildActionMask = 2147483647;
			files = (
				CDFEECC81FAAE13F0045CFFE /* ViewController.swift in Sources */,
				CDFEECC61FAAE13F0045CFFE /* AppDelegate.swift in Sources */,
			);
			runOnlyForDeploymentPostprocessing = 0;
		};
		CDFEECD21FAAE13F0045CFFE /* Sources */ = {
			isa = PBXSourcesBuildPhase;
			buildActionMask = 2147483647;
			files = (
				CDFEECDB1FAAE13F0045CFFE /* free3Tests.swift in Sources */,
			);
			runOnlyForDeploymentPostprocessing = 0;
		};
		CDFEECDD1FAAE13F0045CFFE /* Sources */ = {
			isa = PBXSourcesBuildPhase;
			buildActionMask = 2147483647;
			files = (
				CDFEECE61FAAE13F0045CFFE /* free3UITests.swift in Sources */,
			);
			runOnlyForDeploymentPostprocessing = 0;
		};
/* End PBXSourcesBuildPhase section */

/* Begin PBXTargetDependency section */
		CDFEECD81FAAE13F0045CFFE /* PBXTargetDependency */ = {
			isa = PBXTargetDependency;
			target = CDFEECC11FAAE13F0045CFFE /* free3 */;
			targetProxy = CDFEECD71FAAE13F0045CFFE /* PBXContainerItemProxy */;
		};
		CDFEECE31FAAE13F0045CFFE /* PBXTargetDependency */ = {
			isa = PBXTargetDependency;
			target = CDFEECC11FAAE13F0045CFFE /* free3 */;
			targetProxy = CDFEECE21FAAE13F0045CFFE /* PBXContainerItemProxy */;
		};
/* End PBXTargetDependency section */

/* Begin PBXVariantGroup section */
		CDFEECC91FAAE13F0045CFFE /* Main.storyboard */ = {
			isa = PBXVariantGroup;
			children = (
				CDFEECCA1FAAE13F0045CFFE /* Base */,
			);
			name = Main.storyboard;
			sourceTree = "<group>";
		};
		CDFEECCE1FAAE13F0045CFFE /* LaunchScreen.storyboard */ = {
			isa = PBXVariantGroup;
			children = (
				CDFEECCF1FAAE13F0045CFFE /* Base */,
			);
			name = LaunchScreen.storyboard;
			sourceTree = "<group>";
		};
/* End PBXVariantGroup section */

/* Begin XCBuildConfiguration section */
		CDFEECE81FAAE13F0045CFFE /* Debug */ = {
			isa = XCBuildConfiguration;
			buildSettings = {
				ALWAYS_SEARCH_USER_PATHS = NO;
				CLANG_ANALYZER_NONNULL = YES;
				CLANG_ANALYZER_NUMBER_OBJECT_CONVERSION = YES_AGGRESSIVE;
				CLANG_CXX_LANGUAGE_STANDARD = "gnu++0x";
				CLANG_CXX_LIBRARY = "libc++";
				CLANG_ENABLE_MODULES = YES;
				CLANG_ENABLE_OBJC_ARC = YES;
				CLANG_WARN_BOOL_CONVERSION = YES;
				CLANG_WARN_CONSTANT_CONVERSION = YES;
				CLANG_WARN_DIRECT_OBJC_ISA_USAGE = YES_ERROR;
				CLANG_WARN_DOCUMENTATION_COMMENTS = YES;
				CLANG_WARN_EMPTY_BODY = YES;
				CLANG_WARN_ENUM_CONVERSION = YES;
				CLANG_WARN_INFINITE_RECURSION = YES;
				CLANG_WARN_INT_CONVERSION = YES;
				CLANG_WARN_OBJC_ROOT_CLASS = YES_ERROR;
				CLANG_WARN_SUSPICIOUS_MOVE = YES;
				CLANG_WARN_UNREACHABLE_CODE = YES;
				CLANG_WARN__DUPLICATE_METHOD_MATCH = YES;
				"CODE_SIGN_IDENTITY[sdk=iphoneos*]" = "iPhone Developer";
				COPY_PHASE_STRIP = NO;
				DEBUG_INFORMATION_FORMAT = dwarf;
				ENABLE_STRICT_OBJC_MSGSEND = YES;
				ENABLE_TESTABILITY = YES;
				GCC_C_LANGUAGE_STANDARD = gnu99;
				GCC_DYNAMIC_NO_PIC = NO;
				GCC_NO_COMMON_BLOCKS = YES;
				GCC_OPTIMIZATION_LEVEL = 0;
				GCC_PREPROCESSOR_DEFINITIONS = (
					"DEBUG=1",
					"$(inherited)",
				);
				GCC_WARN_64_TO_32_BIT_CONVERSION = YES;
				GCC_WARN_ABOUT_RETURN_TYPE = YES_ERROR;
				GCC_WARN_UNDECLARED_SELECTOR = YES;
				GCC_WARN_UNINITIALIZED_AUTOS = YES_AGGRESSIVE;
				GCC_WARN_UNUSED_FUNCTION = YES;
				GCC_WARN_UNUSED_VARIABLE = YES;
				IPHONEOS_DEPLOYMENT_TARGET = 10.3;
				MTL_ENABLE_DEBUG_INFO = YES;
				ONLY_ACTIVE_ARCH = YES;
				SDKROOT = iphoneos;
				SWIFT_ACTIVE_COMPILATION_CONDITIONS = DEBUG;
				SWIFT_OPTIMIZATION_LEVEL = "-Onone";
			};
			name = Debug;
		};
		CDFEECE91FAAE13F0045CFFE /* Release */ = {
			isa = XCBuildConfiguration;
			buildSettings = {
				ALWAYS_SEARCH_USER_PATHS = NO;
				CLANG_ANALYZER_NONNULL = YES;
				CLANG_ANALYZER_NUMBER_OBJECT_CONVERSION = YES_AGGRESSIVE;
				CLANG_CXX_LANGUAGE_STANDARD = "gnu++0x";
				CLANG_CXX_LIBRARY = "libc++";
				CLANG_ENABLE_MODULES = YES;
				CLANG_ENABLE_OBJC_ARC = YES;
				CLANG_WARN_BOOL_CONVERSION = YES;
				CLANG_WARN_CONSTANT_CONVERSION = YES;
				CLANG_WARN_DIRECT_OBJC_ISA_USAGE = YES_ERROR;
				CLANG_WARN_DOCUMENTATION_COMMENTS = YES;
				CLANG_WARN_EMPTY_BODY = YES;
				CLANG_WARN_ENUM_CONVERSION = YES;
				CLANG_WARN_INFINITE_RECURSION = YES;
				CLANG_WARN_INT_CONVERSION = YES;
				CLANG_WARN_OBJC_ROOT_CLASS = YES_ERROR;
				CLANG_WARN_SUSPICIOUS_MOVE = YES;
				CLANG_WARN_UNREACHABLE_CODE = YES;
				CLANG_WARN__DUPLICATE_METHOD_MATCH = YES;
				"CODE_SIGN_IDENTITY[sdk=iphoneos*]" = "iPhone Developer";
				COPY_PHASE_STRIP = NO;
				DEBUG_INFORMATION_FORMAT = "dwarf-with-dsym";
				ENABLE_NS_ASSERTIONS = NO;
				ENABLE_STRICT_OBJC_MSGSEND = YES;
				GCC_C_LANGUAGE_STANDARD = gnu99;
				GCC_NO_COMMON_BLOCKS = YES;
				GCC_WARN_64_TO_32_BIT_CONVERSION = YES;
				GCC_WARN_ABOUT_RETURN_TYPE = YES_ERROR;
				GCC_WARN_UNDECLARED_SELECTOR = YES;
				GCC_WARN_UNINITIALIZED_AUTOS = YES_AGGRESSIVE;
				GCC_WARN_UNUSED_FUNCTION = YES;
				GCC_WARN_UNUSED_VARIABLE = YES;
				IPHONEOS_DEPLOYMENT_TARGET = 10.3;
				MTL_ENABLE_DEBUG_INFO = NO;
				SDKROOT = iphoneos;
				SWIFT_OPTIMIZATION_LEVEL = "-Owholemodule";
				VALIDATE_PRODUCT = YES;
			};
			name = Release;
		};
		CDFEECEB1FAAE13F0045CFFE /* Debug */ = {
			isa = XCBuildConfiguration;
			buildSettings = {
				ASSETCATALOG_COMPILER_APPICON_NAME = AppIcon;
				INFOPLIST_FILE = free3/Info.plist;
				LD_RUNPATH_SEARCH_PATHS = "$(inherited) @executable_path/Frameworks";
				PRODUCT_BUNDLE_IDENTIFIER = "-01531479.free3";
				PRODUCT_NAME = "$(TARGET_NAME)";
				SWIFT_VERSION = 3.0;
			};
			name = Debug;
		};
		CDFEECEC1FAAE13F0045CFFE /* Release */ = {
			isa = XCBuildConfiguration;
			buildSettings = {
				ASSETCATALOG_COMPILER_APPICON_NAME = AppIcon;
				INFOPLIST_FILE = free3/Info.plist;
				LD_RUNPATH_SEARCH_PATHS = "$(inherited) @executable_path/Frameworks";
				PRODUCT_BUNDLE_IDENTIFIER = "-01531479.free3";
				PRODUCT_NAME = "$(TARGET_NAME)";
				SWIFT_VERSION = 3.0;
			};
			name = Release;
		};
		CDFEECEE1FAAE13F0045CFFE /* Debug */ = {
			isa = XCBuildConfiguration;
			buildSettings = {
				ALWAYS_EMBED_SWIFT_STANDARD_LIBRARIES = YES;
				BUNDLE_LOADER = "$(TEST_HOST)";
				INFOPLIST_FILE = free3Tests/Info.plist;
				LD_RUNPATH_SEARCH_PATHS = "$(inherited) @executable_path/Frameworks @loader_path/Frameworks";
				PRODUCT_BUNDLE_IDENTIFIER = "-01531479.free3Tests";
				PRODUCT_NAME = "$(TARGET_NAME)";
				SWIFT_VERSION = 3.0;
				TEST_HOST = "$(BUILT_PRODUCTS_DIR)/free3.app/free3";
			};
			name = Debug;
		};
		CDFEECEF1FAAE13F0045CFFE /* Release */ = {
			isa = XCBuildConfiguration;
			buildSettings = {
				ALWAYS_EMBED_SWIFT_STANDARD_LIBRARIES = YES;
				BUNDLE_LOADER = "$(TEST_HOST)";
				INFOPLIST_FILE = free3Tests/Info.plist;
				LD_RUNPATH_SEARCH_PATHS = "$(inherited) @executable_path/Frameworks @loader_path/Frameworks";
				PRODUCT_BUNDLE_IDENTIFIER = "-01531479.free3Tests";
				PRODUCT_NAME = "$(TARGET_NAME)";
				SWIFT_VERSION = 3.0;
				TEST_HOST = "$(BUILT_PRODUCTS_DIR)/free3.app/free3";
			};
			name = Release;
		};
		CDFEECF11FAAE13F0045CFFE /* Debug */ = {
			isa = XCBuildConfiguration;
			buildSettings = {
				ALWAYS_EMBED_SWIFT_STANDARD_LIBRARIES = YES;
				INFOPLIST_FILE = free3UITests/Info.plist;
				LD_RUNPATH_SEARCH_PATHS = "$(inherited) @executable_path/Frameworks @loader_path/Frameworks";
				PRODUCT_BUNDLE_IDENTIFIER = "-01531479.free3UITests";
				PRODUCT_NAME = "$(TARGET_NAME)";
				SWIFT_VERSION = 3.0;
				TEST_TARGET_NAME = free3;
			};
			name = Debug;
		};
		CDFEECF21FAAE13F0045CFFE /* Release */ = {
			isa = XCBuildConfiguration;
			buildSettings = {
				ALWAYS_EMBED_SWIFT_STANDARD_LIBRARIES = YES;
				INFOPLIST_FILE = free3UITests/Info.plist;
				LD_RUNPATH_SEARCH_PATHS = "$(inherited) @executable_path/Frameworks @loader_path/Frameworks";
				PRODUCT_BUNDLE_IDENTIFIER = "-01531479.free3UITests";
				PRODUCT_NAME = "$(TARGET_NAME)";
				SWIFT_VERSION = 3.0;
				TEST_TARGET_NAME = free3;
			};
			name = Release;
		};
/* End XCBuildConfiguration section */

/* Begin XCConfigurationList section */
		CDFEECBD1FAAE13F0045CFFE /* Build configuration list for PBXProject "free3" */ = {
			isa = XCConfigurationList;
			buildConfigurations = (
				CDFEECE81FAAE13F0045CFFE /* Debug */,
				CDFEECE91FAAE13F0045CFFE /* Release */,
			);
			defaultConfigurationIsVisible = 0;
			defaultConfigurationName = Release;
		};
		CDFEECEA1FAAE13F0045CFFE /* Build configuration list for PBXNativeTarget "free3" */ = {
			isa = XCConfigurationList;
			buildConfigurations = (
				CDFEECEB1FAAE13F0045CFFE /* Debug */,
				CDFEECEC1FAAE13F0045CFFE /* Release */,
			);
			defaultConfigurationIsVisible = 0;
		};
		CDFEECED1FAAE13F0045CFFE /* Build configuration list for PBXNativeTarget "free3Tests" */ = {
			isa = XCConfigurationList;
			buildConfigurations = (
				CDFEECEE1FAAE13F0045CFFE /* Debug */,
				CDFEECEF1FAAE13F0045CFFE /* Release */,
			);
			defaultConfigurationIsVisible = 0;
		};
		CDFEECF01FAAE13F0045CFFE /* Build configuration list for PBXNativeTarget "free3UITests" */ = {
			isa = XCConfigurationList;
			buildConfigurations = (
				CDFEECF11FAAE13F0045CFFE /* Debug */,
				CDFEECF21FAAE13F0045CFFE /* Release */,
			);
			defaultConfigurationIsVisible = 0;
		};
/* End XCConfigurationList section */
	};
	rootObject = CDFEECBA1FAAE13F0045CFFE /* Project object */;
}
